
Microsoft Visual Studio Solution File, Format Version 12.00
# Visual Studio Version 16
VisualStudioVersion = 16.0.28803.202
MinimumVisualStudioVersion = 10.0.40219.1
Project("{FAE04EC0-301F-11D3-BF4B-00C04F79EFBC}") = "Notepad", "ConsoleApp\Notepad.csproj", "{4C9BA486-C3FB-4D89-857F-9D13E1619901}"
EndProject
Project("{FAE04EC0-301F-11D3-BF4B-00C04F79EFBC}") = "Middleware", "Middleware\Middleware.csproj", "{AEBF968C-B3E8-4CBC-ADF8-5001C0F1E74E}"
EndProject
Project("{FAE04EC0-301F-11D3-BF4B-00C04F79EFBC}") = "Notepad.Lib", "BusinessModel\Notepad.Lib.csproj", "{5F566B7D-738B-44D2-AD00-72AD6A7C61B9}"
EndProject
Project("{FAE04EC0-301F-11D3-BF4B-00C04F79EFBC}") = "Middleware.Implements", "Middleware.Implements\Middleware.Implements.csproj", "{97678F1D-909C-4753-ADE9-83939D6C9535}"
EndProject
Project("{FAE04EC0-301F-11D3-BF4B-00C04F79EFBC}") = "Notepad.Lib.Implements", "Notepad.Lib.Implements\Notepad.Lib.Implements.csproj", "{B91C444E-5E7B-4D5B-88B0-BB8BC88F8974}"
EndProject
Global
	GlobalSection(SolutionConfigurationPlatforms) = preSolution
		Debug|Any CPU = Debug|Any CPU
		Release|Any CPU = Release|Any CPU
	EndGlobalSection
	GlobalSection(ProjectConfigurationPlatforms) = postSolution
		{4C9BA486-C3FB-4D89-857F-9D13E1619901}.Debug|Any CPU.ActiveCfg = Debug|Any CPU
		{4C9BA486-C3FB-4D89-857F-9D13E1619901}.Debug|Any CPU.Build.0 = Debug|Any CPU
		{4C9BA486-C3FB-4D89-857F-9D13E1619901}.Release|Any CPU.ActiveCfg = Release|Any CPU
		{4C9BA486-C3FB-4D89-857F-9D13E1619901}.Release|Any CPU.Build.0 = Release|Any CPU
		{AEBF968C-B3E8-4CBC-ADF8-5001C0F1E74E}.Debug|Any CPU.ActiveCfg = Debug|Any CPU
		{AEBF968C-B3E8-4CBC-ADF8-5001C0F1E74E}.Debug|Any CPU.Build.0 = Debug|Any CPU
		{AEBF968C-B3E8-4CBC-ADF8-5001C0F1E74E}.Release|Any CPU.ActiveCfg = Release|Any CPU
		{AEBF968C-B3E8-4CBC-ADF8-5001C0F1E74E}.Release|Any CPU.Build.0 = Release|Any CPU
		{5F566B7D-738B-44D2-AD00-72AD6A7C61B9}.Debug|Any CPU.ActiveCfg = Debug|Any CPU
		{5F566B7D-738B-44D2-AD00-72AD6A7C61B9}.Debug|Any CPU.Build.0 = Debug|Any CPU
		{5F566B7D-738B-44D2-AD00-72AD6A7C61B9}.Release|Any CPU.ActiveCfg = Release|Any CPU
		{5F566B7D-738B-44D2-AD00-72AD6A7C61B9}.Release|Any CPU.Build.0 = Release|Any CPU
		{97678F1D-909C-4753-ADE9-83939D6C9535}.Debug|Any CPU.ActiveCfg = Debug|Any CPU
		{97678F1D-909C-4753-ADE9-83939D6C9535}.Debug|Any CPU.Build.0 = Debug|Any CPU
		{97678F1D-909C-4753-ADE9-83939D6C9535}.Release|Any CPU.ActiveCfg = Release|Any CPU
		{97678F1D-909C-4753-ADE9-83939D6C9535}.Release|Any CPU.Build.0 = Release|Any CPU
		{B91C444E-5E7B-4D5B-88B0-BB8BC88F8974}.Debug|Any CPU.ActiveCfg = Debug|Any CPU
		{B91C444E-5E7B-4D5B-88B0-BB8BC88F8974}.Debug|Any CPU.Build.0 = Debug|Any CPU
		{B91C444E-5E7B-4D5B-88B0-BB8BC88F8974}.Release|Any CPU.ActiveCfg = Release|Any CPU
		{B91C444E-5E7B-4D5B-88B0-BB8BC88F8974}.Release|Any CPU.Build.0 = Release|Any CPU
	EndGlobalSection
	GlobalSection(SolutionProperties) = preSolution
		HideSolutionNode = FALSE
	EndGlobalSection
	GlobalSection(ExtensibilityGlobals) = postSolution
		SolutionGuid = {92A1746B-30F3-484B-8636-C0D0B6BAB804}
	EndGlobalSection
EndGlobal
